<?xml version="1.0" encoding="utf-8"?>
<Project ToolsVersion="4.0" xmlns="http://schemas.microsoft.com/developer/msbuild/2003">
  <ItemGroup>
    <Filter Include="Source Files">
      <UniqueIdentifier>{4FC737F1-C7A5-4376-A066-2A32D752A2FF}</UniqueIdentifier>
      <Extensions>cpp;c;cc;cxx;def;odl;idl;hpj;bat;asm;asmx</Extensions>
    </Filter>
    <Filter Include="Header Files">
      <UniqueIdentifier>{93995380-89BD-4b04-88EB-625FBE52EBFB}</UniqueIdentifier>
      <Extensions>h;hh;hpp;hxx;hm;inl;inc;xsd</Extensions>
    </Filter>
    <Filter Include="Resource Files">
      <UniqueIdentifier>{67DA6AB6-F800-4c08-8B7A-83BB121AAD01}</UniqueIdentifier>
      <Extensions>rc;ico;cur;bmp;dlg;rc2;rct;bin;rgs;gif;jpg;jpeg;jpe;resx;tiff;tif;png;wav;mfcribbon-ms</Extensions>
    </Filter>
    <Filter Include="Source Files\image">
      <UniqueIdentifier>{a017837d-f65b-48e1-ab63-7bbebaa82f87}</UniqueIdentifier>
    </Filter>
    <Filter Include="Header Files\types">
      <UniqueIdentifier>{060d8520-002e-40e0-b7fd-18bdea47d0c2}</UniqueIdentifier>
    </Filter>
    <Filter Include="Source Files\types">
      <UniqueIdentifier>{e53585cb-c795-4b0a-ac68-e4ef3f4801a6}</UniqueIdentifier>
    </Filter>
    <Filter Include="Header Files\frameui">
      <UniqueIdentifier>{4b83b3b5-551c-4fc2-8285-148abc2537b0}</UniqueIdentifier>
    </Filter>
    <Filter Include="Source Files\frameui">
      <UniqueIdentifier>{03b119c1-7376-41e8-a342-e09109da116f}</UniqueIdentifier>
    </Filter>
  </ItemGroup>
  <ItemGroup>
    <ClCompile Include="main.cpp">
      <Filter>Source Files</Filter>
    </ClCompile>
    <ClCompile Include="path.cpp">
      <Filter>Source Files</Filter>
    </ClCompile>
    <ClCompile Include="stringmgr.cpp">
      <Filter>Source Files</Filter>
    </ClCompile>
    <ClCompile Include="snomap.cpp">
      <Filter>Source Files</Filter>
    </ClCompile>
    <ClCompile Include="file.cpp">
      <Filter>Source Files</Filter>
    </ClCompile>
    <ClCompile Include="json.cpp">
      <Filter>Source Files</Filter>
    </ClCompile>
    <ClCompile Include="common.cpp">
      <Filter>Source Files</Filter>
    </ClCompile>
    <ClCompile Include="utf8.cpp">
      <Filter>Source Files</Filter>
    </ClCompile>
    <ClCompile Include="regexp.cpp">
      <Filter>Source Files</Filter>
    </ClCompile>
    <ClCompile Include="image.cpp">
      <Filter>Source Files</Filter>
    </ClCompile>
    <ClCompile Include="imagepng.cpp">
      <Filter>Source Files\image</Filter>
    </ClCompile>
    <ClCompile Include="parser.cpp">
      <Filter>Source Files</Filter>
    </ClCompile>
    <ClCompile Include="logger.cpp">
      <Filter>Source Files</Filter>
    </ClCompile>
    <ClCompile Include="types\Anim.cpp">
      <Filter>Source Files\types</Filter>
    </ClCompile>
    <ClCompile Include="types\AnimSet.cpp">
      <Filter>Source Files\types</Filter>
    </ClCompile>
    <ClCompile Include="types\SkillKit.cpp">
      <Filter>Source Files\types</Filter>
    </ClCompile>
    <ClCompile Include="types\Textures.cpp">
      <Filter>Source Files\types</Filter>
    </ClCompile>
    <ClCompile Include="description.cpp">
      <Filter>Source Files</Filter>
    </ClCompile>
    <ClCompile Include="types\Default.cpp">
      <Filter>Source Files\types</Filter>
    </ClCompile>
    <ClCompile Include="miner.cpp">
      <Filter>Source Files</Filter>
    </ClCompile>
    <ClCompile Include="types\Power.cpp">
      <Filter>Source Files\types</Filter>
    </ClCompile>
    <ClCompile Include="powertag.cpp">
      <Filter>Source Files</Filter>
    </ClCompile>
    <ClCompile Include="types\StringList.cpp">
      <Filter>Source Files\types</Filter>
    </ClCompile>
    <ClCompile Include="translations.cpp">
      <Filter>Source Files</Filter>
    </ClCompile>
    <ClCompile Include="strings.cpp">
      <Filter>Source Files</Filter>
    </ClCompile>
    <ClCompile Include="affixes.cpp">
      <Filter>Source Files</Filter>
    </ClCompile>
    <ClCompile Include="texturemgr.cpp">
      <Filter>Source Files</Filter>
    </ClCompile>
    <ClCompile Include="model.cpp">
      <Filter>Source Files</Filter>
    </ClCompile>
    <ClCompile Include="gl.cpp">
      <Filter>Source Files</Filter>
    </ClCompile>
    <ClCompile Include="math3d.cpp">
      <Filter>Source Files</Filter>
    </ClCompile>
    <ClCompile Include="itemlib.cpp">
      <Filter>Source Files</Filter>
    </ClCompile>
    <ClCompile Include="garbage.cpp">
      <Filter>Source Files</Filter>
    </ClCompile>
    <ClCompile Include="webgl.cpp">
      <Filter>Source Files</Filter>
    </ClCompile>
    <ClCompile Include="snocommon.cpp">
      <Filter>Source Files</Filter>
    </ClCompile>
    <ClCompile Include="frameui\window.cpp">
      <Filter>Source Files\frameui</Filter>
    </ClCompile>
    <ClCompile Include="frameui\fontsys.cpp">
      <Filter>Source Files\frameui</Filter>
    </ClCompile>
    <ClCompile Include="frameui\frame.cpp">
      <Filter>Source Files\frameui</Filter>
    </ClCompile>
    <ClCompile Include="frameui\framewnd.cpp">
      <Filter>Source Files\frameui</Filter>
    </ClCompile>
    <ClCompile Include="frameui\controlframes.cpp">
      <Filter>Source Files\frameui</Filter>
    </ClCompile>
    <ClCompile Include="frameui\searchlist.cpp">
      <Filter>Source Files\frameui</Filter>
    </ClCompile>
  </ItemGroup>
  <ItemGroup>
    <ClInclude Include="path.h">
      <Filter>Header Files</Filter>
    </ClInclude>
    <ClInclude Include="file.h">
      <Filter>Header Files</Filter>
    </ClInclude>
    <ClInclude Include="types.h">
      <Filter>Header Files</Filter>
    </ClInclude>
    <ClInclude Include="stringmgr.h">
      <Filter>Header Files</Filter>
    </ClInclude>
    <ClInclude Include="snomap.h">
      <Filter>Header Files</Filter>
    </ClInclude>
    <ClInclude Include="json.h">
      <Filter>Header Files</Filter>
    </ClInclude>
    <ClInclude Include="snocommon.h">
      <Filter>Header Files</Filter>
    </ClInclude>
    <ClInclude Include="common.h">
      <Filter>Header Files</Filter>
    </ClInclude>
    <ClInclude Include="regexp.h">
      <Filter>Header Files</Filter>
    </ClInclude>
    <ClInclude Include="utf8.h">
      <Filter>Header Files</Filter>
    </ClInclude>
    <ClInclude Include="image.h">
      <Filter>Header Files</Filter>
    </ClInclude>
    <ClInclude Include="parser.h">
      <Filter>Header Files</Filter>
    </ClInclude>
    <ClInclude Include="snotypes.h">
      <Filter>Header Files</Filter>
    </ClInclude>
    <ClInclude Include="serialize.h">
      <Filter>Header Files</Filter>
    </ClInclude>
    <ClInclude Include="logger.h">
      <Filter>Header Files</Filter>
    </ClInclude>
    <ClInclude Include="types\Accolade.h">
      <Filter>Header Files\types</Filter>
    </ClInclude>
    <ClInclude Include="types\Act.h">
      <Filter>Header Files\types</Filter>
    </ClInclude>
    <ClInclude Include="types\Actor.h">
      <Filter>Header Files\types</Filter>
    </ClInclude>
    <ClInclude Include="types\Adventure.h">
      <Filter>Header Files\types</Filter>
    </ClInclude>
    <ClInclude Include="types\AmbientSound.h">
      <Filter>Header Files\types</Filter>
    </ClInclude>
    <ClInclude Include="types\Anim.h">
      <Filter>Header Files\types</Filter>
    </ClInclude>
    <ClInclude Include="types\Anim2D.h">
      <Filter>Header Files\types</Filter>
    </ClInclude>
    <ClInclude Include="types\AnimSet.h">
      <Filter>Header Files\types</Filter>
    </ClInclude>
    <ClInclude Include="types\Appearance.h">
      <Filter>Header Files\types</Filter>
    </ClInclude>
    <ClInclude Include="types\BossEncounter.h">
      <Filter>Header Files\types</Filter>
    </ClInclude>
    <ClInclude Include="types\Cloth.h">
      <Filter>Header Files\types</Filter>
    </ClInclude>
    <ClInclude Include="types\Condition.h">
      <Filter>Header Files\types</Filter>
    </ClInclude>
    <ClInclude Include="types\Conversation.h">
      <Filter>Header Files\types</Filter>
    </ClInclude>
    <ClInclude Include="types\EffectGroup.h">
      <Filter>Header Files\types</Filter>
    </ClInclude>
    <ClInclude Include="types\Encounter.h">
      <Filter>Header Files\types</Filter>
    </ClInclude>
    <ClInclude Include="types\Explosion.h">
      <Filter>Header Files\types</Filter>
    </ClInclude>
    <ClInclude Include="types\Font.h">
      <Filter>Header Files\types</Filter>
    </ClInclude>
    <ClInclude Include="types\GameBalance.h">
      <Filter>Header Files\types</Filter>
    </ClInclude>
    <ClInclude Include="types\Globals.h">
      <Filter>Header Files\types</Filter>
    </ClInclude>
    <ClInclude Include="types\LevelArea.h">
      <Filter>Header Files\types</Filter>
    </ClInclude>
    <ClInclude Include="types\Light.h">
      <Filter>Header Files\types</Filter>
    </ClInclude>
    <ClInclude Include="types\Lore.h">
      <Filter>Header Files\types</Filter>
    </ClInclude>
    <ClInclude Include="types\MarkerSet.h">
      <Filter>Header Files\types</Filter>
    </ClInclude>
    <ClInclude Include="types\Material.h">
      <Filter>Header Files\types</Filter>
    </ClInclude>
    <ClInclude Include="types\Monster.h">
      <Filter>Header Files\types</Filter>
    </ClInclude>
    <ClInclude Include="types\Music.h">
      <Filter>Header Files\types</Filter>
    </ClInclude>
    <ClInclude Include="types\Observer.h">
      <Filter>Header Files\types</Filter>
    </ClInclude>
    <ClInclude Include="types\Particle.h">
      <Filter>Header Files\types</Filter>
    </ClInclude>
    <ClInclude Include="types\Physics.h">
      <Filter>Header Files\types</Filter>
    </ClInclude>
    <ClInclude Include="types\PhysMesh.h">
      <Filter>Header Files\types</Filter>
    </ClInclude>
    <ClInclude Include="types\Power.h">
      <Filter>Header Files\types</Filter>
    </ClInclude>
    <ClInclude Include="types\Quest.h">
      <Filter>Header Files\types</Filter>
    </ClInclude>
    <ClInclude Include="types\QuestRange.h">
      <Filter>Header Files\types</Filter>
    </ClInclude>
    <ClInclude Include="types\Recipe.h">
      <Filter>Header Files\types</Filter>
    </ClInclude>
    <ClInclude Include="types\Reverb.h">
      <Filter>Header Files\types</Filter>
    </ClInclude>
    <ClInclude Include="types\Rope.h">
      <Filter>Header Files\types</Filter>
    </ClInclude>
    <ClInclude Include="types\Scene.h">
      <Filter>Header Files\types</Filter>
    </ClInclude>
    <ClInclude Include="types\SceneGroup.h">
      <Filter>Header Files\types</Filter>
    </ClInclude>
    <ClInclude Include="types\ShaderMap.h">
      <Filter>Header Files\types</Filter>
    </ClInclude>
    <ClInclude Include="types\Shaders.h">
      <Filter>Header Files\types</Filter>
    </ClInclude>
    <ClInclude Include="types\Shakes.h">
      <Filter>Header Files\types</Filter>
    </ClInclude>
    <ClInclude Include="types\SkillKit.h">
      <Filter>Header Files\types</Filter>
    </ClInclude>
    <ClInclude Include="types\Sound.h">
      <Filter>Header Files\types</Filter>
    </ClInclude>
    <ClInclude Include="types\SoundBank.h">
      <Filter>Header Files\types</Filter>
    </ClInclude>
    <ClInclude Include="types\StringList.h">
      <Filter>Header Files\types</Filter>
    </ClInclude>
    <ClInclude Include="types\Surface.h">
      <Filter>Header Files\types</Filter>
    </ClInclude>
    <ClInclude Include="types\Textures.h">
      <Filter>Header Files\types</Filter>
    </ClInclude>
    <ClInclude Include="types\Trail.h">
      <Filter>Header Files\types</Filter>
    </ClInclude>
    <ClInclude Include="types\Tutorial.h">
      <Filter>Header Files\types</Filter>
    </ClInclude>
    <ClInclude Include="types\UI.h">
      <Filter>Header Files\types</Filter>
    </ClInclude>
    <ClInclude Include="types\Weather.h">
      <Filter>Header Files\types</Filter>
    </ClInclude>
    <ClInclude Include="types\Worlds.h">
      <Filter>Header Files\types</Filter>
    </ClInclude>
    <ClInclude Include="description.h">
      <Filter>Header Files</Filter>
    </ClInclude>
    <ClInclude Include="miner.h">
      <Filter>Header Files</Filter>
    </ClInclude>
    <ClInclude Include="powertag.h">
      <Filter>Header Files</Filter>
    </ClInclude>
    <ClInclude Include="strings.h">
      <Filter>Header Files</Filter>
    </ClInclude>
    <ClInclude Include="affixes.h">
      <Filter>Header Files</Filter>
    </ClInclude>
    <ClInclude Include="textures.h">
      <Filter>Header Files</Filter>
    </ClInclude>
    <ClInclude Include="translations.h">
      <Filter>Header Files</Filter>
    </ClInclude>
    <ClInclude Include="model.h">
      <Filter>Header Files</Filter>
    </ClInclude>
    <ClInclude Include="gl.h">
      <Filter>Header Files</Filter>
    </ClInclude>
    <ClInclude Include="math3d.h">
      <Filter>Header Files</Filter>
    </ClInclude>
    <ClInclude Include="itemlib.h">
      <Filter>Header Files</Filter>
    </ClInclude>
    <ClInclude Include="webgl.h">
      <Filter>Header Files</Filter>
    </ClInclude>
    <ClInclude Include="frameui\window.h">
      <Filter>Header Files\frameui</Filter>
    </ClInclude>
    <ClInclude Include="frameui\fontsys.h">
      <Filter>Header Files\frameui</Filter>
    </ClInclude>
    <ClInclude Include="frameui\frame.h">
      <Filter>Header Files\frameui</Filter>
    </ClInclude>
    <ClInclude Include="frameui\framewnd.h">
      <Filter>Header Files\frameui</Filter>
    </ClInclude>
    <ClInclude Include="frameui\controlframes.h">
      <Filter>Header Files\frameui</Filter>
    </ClInclude>
    <ClInclude Include="frameui\searchlist.h">
      <Filter>Header Files\frameui</Filter>
    </ClInclude>
  </ItemGroup>
</Project>